
Microsoft Visual Studio Solution File, Format Version 12.00
# Visual Studio Version 16
VisualStudioVersion = 16.0.30907.101
MinimumVisualStudioVersion = 10.0.40219.1
Project("{FAE04EC0-301F-11D3-BF4B-00C04F79EFBC}") = "WebApp_Assignment3", "WebApp_Assignment3\WebApp_Assignment3.csproj", "{E972497D-40DC-4AEA-8FE8-5003B097A006}"
EndProject
Global
	GlobalSection(SolutionConfigurationPlatforms) = preSolution
		Debug|Any CPU = Debug|Any CPU
		Release|Any CPU = Release|Any CPU
	EndGlobalSection
	GlobalSection(ProjectConfigurationPlatforms) = postSolution
		{E972497D-40DC-4AEA-8FE8-5003B097A006}.Debug|Any CPU.ActiveCfg = Debug|Any CPU
		{E972497D-40DC-4AEA-8FE8-5003B097A006}.Debug|Any CPU.Build.0 = Debug|Any CPU
		{E972497D-40DC-4AEA-8FE8-5003B097A006}.Release|Any CPU.ActiveCfg = Release|Any CPU
		{E972497D-40DC-4AEA-8FE8-5003B097A006}.Release|Any CPU.Build.0 = Release|Any CPU
	EndGlobalSection
	GlobalSection(SolutionProperties) = preSolution
		HideSolutionNode = FALSE
	EndGlobalSection
	GlobalSection(ExtensibilityGlobals) = postSolution
		SolutionGuid = {992D6D07-8FF2-4C4A-948F-32F5CBD107D5}
	EndGlobalSection
EndGlobal
